
Microsoft Visual Studio Solution File, Format Version 12.00
# Visual Studio Version 16
VisualStudioVersion = 16.0.31005.135
MinimumVisualStudioVersion = 10.0.40219.1
Project("{9A19103F-16F7-4668-BE54-9A1E7A4F7556}") = "Pandora.Utility", "Pandora.Utility\Pandora.Utility.csproj", "{EB8908B9-2440-435E-8B23-55E801FA9D09}"
EndProject
Project("{2150E333-8FDC-42A3-9474-1A3956D46DE8}") = ".github", ".github", "{43A101C1-EE49-4A02-822F-1B42D6EFEEA1}"
	ProjectSection(SolutionItems) = preProject
		..\..\.editorconfig = ..\..\.editorconfig
		..\..\.gitignore = ..\..\.gitignore
		..\..\changelog.md = ..\..\changelog.md
		..\..\stylecop.json = ..\..\stylecop.json
	EndProjectSection
EndProject
Project("{9A19103F-16F7-4668-BE54-9A1E7A4F7556}") = "Pandora.Utility.Tests", "Pandora.Utility.Tests\Pandora.Utility.Tests.csproj", "{2A9C60E9-D365-4DD0-B59D-A71D03FD7FFD}"
EndProject
Project("{9A19103F-16F7-4668-BE54-9A1E7A4F7556}") = "Pandora.TestKit", "Pandora.TestKit\Pandora.TestKit.csproj", "{6A1E97B5-E1DE-4A9D-A04F-5D94C166D00A}"
EndProject
Project("{9A19103F-16F7-4668-BE54-9A1E7A4F7556}") = "Pandora.Data", "Pandora.Data\Pandora.Data.csproj", "{3C5A8B4D-57B2-4799-9FCD-3CFFE866191A}"
EndProject
Project("{FAE04EC0-301F-11D3-BF4B-00C04F79EFBC}") = "Pandora.Data.Tests", "Pandora.Data.Tests\Pandora.Data.Tests.csproj", "{2AABEF48-1D0F-4C48-A987-A5FF692C4DD0}"
EndProject
Global
	GlobalSection(SolutionConfigurationPlatforms) = preSolution
		Debug|Any CPU = Debug|Any CPU
		Release|Any CPU = Release|Any CPU
	EndGlobalSection
	GlobalSection(ProjectConfigurationPlatforms) = postSolution
		{EB8908B9-2440-435E-8B23-55E801FA9D09}.Debug|Any CPU.ActiveCfg = Debug|Any CPU
		{EB8908B9-2440-435E-8B23-55E801FA9D09}.Debug|Any CPU.Build.0 = Debug|Any CPU
		{EB8908B9-2440-435E-8B23-55E801FA9D09}.Release|Any CPU.ActiveCfg = Release|Any CPU
		{EB8908B9-2440-435E-8B23-55E801FA9D09}.Release|Any CPU.Build.0 = Release|Any CPU
		{2A9C60E9-D365-4DD0-B59D-A71D03FD7FFD}.Debug|Any CPU.ActiveCfg = Debug|Any CPU
		{2A9C60E9-D365-4DD0-B59D-A71D03FD7FFD}.Debug|Any CPU.Build.0 = Debug|Any CPU
		{2A9C60E9-D365-4DD0-B59D-A71D03FD7FFD}.Release|Any CPU.ActiveCfg = Release|Any CPU
		{2A9C60E9-D365-4DD0-B59D-A71D03FD7FFD}.Release|Any CPU.Build.0 = Release|Any CPU
		{6A1E97B5-E1DE-4A9D-A04F-5D94C166D00A}.Debug|Any CPU.ActiveCfg = Debug|Any CPU
		{6A1E97B5-E1DE-4A9D-A04F-5D94C166D00A}.Debug|Any CPU.Build.0 = Debug|Any CPU
		{6A1E97B5-E1DE-4A9D-A04F-5D94C166D00A}.Release|Any CPU.ActiveCfg = Release|Any CPU
		{6A1E97B5-E1DE-4A9D-A04F-5D94C166D00A}.Release|Any CPU.Build.0 = Release|Any CPU
		{3C5A8B4D-57B2-4799-9FCD-3CFFE866191A}.Debug|Any CPU.ActiveCfg = Debug|Any CPU
		{3C5A8B4D-57B2-4799-9FCD-3CFFE866191A}.Debug|Any CPU.Build.0 = Debug|Any CPU
		{3C5A8B4D-57B2-4799-9FCD-3CFFE866191A}.Release|Any CPU.ActiveCfg = Release|Any CPU
		{3C5A8B4D-57B2-4799-9FCD-3CFFE866191A}.Release|Any CPU.Build.0 = Release|Any CPU
		{2AABEF48-1D0F-4C48-A987-A5FF692C4DD0}.Debug|Any CPU.ActiveCfg = Debug|Any CPU
		{2AABEF48-1D0F-4C48-A987-A5FF692C4DD0}.Debug|Any CPU.Build.0 = Debug|Any CPU
		{2AABEF48-1D0F-4C48-A987-A5FF692C4DD0}.Release|Any CPU.ActiveCfg = Release|Any CPU
		{2AABEF48-1D0F-4C48-A987-A5FF692C4DD0}.Release|Any CPU.Build.0 = Release|Any CPU
	EndGlobalSection
	GlobalSection(SolutionProperties) = preSolution
		HideSolutionNode = FALSE
	EndGlobalSection
	GlobalSection(ExtensibilityGlobals) = postSolution
		SolutionGuid = {34285CBB-0660-4AA6-BAE8-A0FA7E31416A}
	EndGlobalSection
EndGlobal
